
Microsoft Visual Studio Solution File, Format Version 12.00
# Visual Studio Version 16
VisualStudioVersion = 16.0.29609.76
MinimumVisualStudioVersion = 10.0.40219.1
Project("{FAE04EC0-301F-11D3-BF4B-00C04F79EFBC}") = "Fitness.BL", "Fitness.BL\Fitness.BL.csproj", "{1B5E7F6B-7BC7-441A-9706-8F2DB19330F0}"
EndProject
Project("{FAE04EC0-301F-11D3-BF4B-00C04F79EFBC}") = "Fitness.CMD", "Fitness.CMD\Fitness.CMD.csproj", "{22C40343-E3BB-4F9E-8151-B8354CA7EA6F}"
EndProject
Global
	GlobalSection(SolutionConfigurationPlatforms) = preSolution
		Debug|Any CPU = Debug|Any CPU
		Release|Any CPU = Release|Any CPU
	EndGlobalSection
	GlobalSection(ProjectConfigurationPlatforms) = postSolution
		{1B5E7F6B-7BC7-441A-9706-8F2DB19330F0}.Debug|Any CPU.ActiveCfg = Debug|Any CPU
		{1B5E7F6B-7BC7-441A-9706-8F2DB19330F0}.Debug|Any CPU.Build.0 = Debug|Any CPU
		{1B5E7F6B-7BC7-441A-9706-8F2DB19330F0}.Release|Any CPU.ActiveCfg = Release|Any CPU
		{1B5E7F6B-7BC7-441A-9706-8F2DB19330F0}.Release|Any CPU.Build.0 = Release|Any CPU
		{22C40343-E3BB-4F9E-8151-B8354CA7EA6F}.Debug|Any CPU.ActiveCfg = Debug|Any CPU
		{22C40343-E3BB-4F9E-8151-B8354CA7EA6F}.Debug|Any CPU.Build.0 = Debug|Any CPU
		{22C40343-E3BB-4F9E-8151-B8354CA7EA6F}.Release|Any CPU.ActiveCfg = Release|Any CPU
		{22C40343-E3BB-4F9E-8151-B8354CA7EA6F}.Release|Any CPU.Build.0 = Release|Any CPU
	EndGlobalSection
	GlobalSection(SolutionProperties) = preSolution
		HideSolutionNode = FALSE
	EndGlobalSection
	GlobalSection(ExtensibilityGlobals) = postSolution
		SolutionGuid = {0AF4C184-7636-4B14-9ADB-ADB959D795F4}
	EndGlobalSection
EndGlobal
